{
  "version": 4,
  "terraform_version": "1.7.4",
  "serial": 30,
  "lineage": "b5acf1ef-5044-65d8-bcad-aa6aa36ed500",
  "outputs": {
    "private": {
      "value": "-----BEGIN RSA PRIVATE KEY-----\nMIIJKAIBAAKCAgEAsAmKvVPMOJkDQ8j51k9HPIlK8mj9w4JgQMUNZrvnfQ11J8y8\n66TJdIn5t8W7b6oV9jDvvaReajzCB15Xer/REvMiBkxmag638LtYRbQOwFJTN/CQ\nVMAabc4jf4KVuobustRahzFhUOeXNvGhmxULqF2/M5dSCfRNLmo6lBZi3461AHD/\nX46xUO+mNN1q+hLwO3gfh1AP8vIMouE7Bfstfm7Zk/x2D4L90NkGvZdbuu763x5q\nDSEVlHgLoUf9fdHkvJpr4KHGahwq1pjOdJ2CUCNOn7p/1zhiskyxZWowPsO5RSAB\nkdoZpvDlzZayuiug+7gmuD9jMdeE3uAfJqYxN4C/9IrmU0PeTpX8dIzAKigVAUkP\nDUsQPzVejaLdYX9cIraRR1jEn6Lf1Z+WMkmGr+lf2g5xc+NJCQgU298a0JN2RKHx\n88N0j4DFhgfGZSJHUw3xrsif78vYpH82y8uPt1DJYUzhe62MyxE9OSrhtv2p33gf\ndTSJH5YLvuw91+UMVVRIK4uA9Pkau4GUoA7alA3c/3gPydvB4SbkNrWC30vT3QsX\nan/NAa8tY4Zjj9Q/y6pOAMD7QNCPkUMIRBB6h3OUNxr5aKFAuw4wwFCGPX9fSW2H\n3TRWBoIWhRW7+oER8m2GmPyr129BH+dzM8XIr00rdX1oBcjuWiYeAwsDDM0CAwEA\nAQKCAgA1hHEdZeBsRHhtnyf1M1zg1oxmbezYB0bj6gRM+0tBBVpcoy28Jfjo6Rl1\n+TMmm3rZwb7g1JuviJEkVFYcBzy0mh359DgefiMFmK8ZYcgqR9zs4MHAQjbGsyiv\nly+V6Xef/lcXSrffNMkP9x2+XAOTSAzczmAujor4VWtBohylAmmcnL3Ge0cE6BaL\nc9UV+bP3IGnVZU2z+kpFKlwbUWVfTqvvBY2O4a/wUkpuURmeFxFFy6VKIIjC/kvq\n2EwEeE8l13x8ajI8CBwt6X66jTgUzOcWQEilUYsP0akMv9+y9SXaEgToJnot+oai\nnfHwD1t9q1p6ISsy9+Z5K4HM6jGDwRhLbxP+JwR1mHZnOWZMDwV3bDmmz2yd4Y6L\nUrsTotC/s8jx8EcvY0q73DLXaV4w4CNCuJGT8bO26urPayBjI8mFvwlxl5RApNPg\nPJGEdjR3LqoqGT1d3z8n52jBVkOy05lYBkI4ynoIJdwOTLpzu6D97wHW5jjjujYi\n1eISpFerOSNnHu7Lcb9FgZxA3Jmi5mtYOvMafHtfupnf0Fs92RLH8R009AGjCMdY\nRTcbasmQeLVcJnL+Elx+bqK3tZKtCQpOKRX/jL3Mep+KXYNWN0mzMxz9aYnqBLTo\ndrWF8d4j27BGtYpuWXdbSqACjb/aQU0pKSnDtmE/SHatDwbaAQKCAQEA1ZAnWh/3\nKM6iSPo/jWGV9cDAB9/Gftv8XMUtGqkm1EQD6WHrhF4YOzWW3k+lxiXiPk+nLNqI\ni03Qwek3fluSLVomXXiVShrAiYk3cTSpIt7sQY/MlTqJSBfS1zv7btiwe+RS2dW/\napa6S5d0BMQhGZV/Zm8+ShVGhDlklaS9Qsl6f1PLO+7OuofcQ/6HGVeiAFKMs1GF\n9DtC8nioln8ugU53wKbZY99ggwr878pBz3EayMxtUuApIkkbvfMW8lekPDiN8LHT\nucGABd90iN9PCzuG789Fb8HQfV9au3RFME/dSmJXcFA/3Ga77Pg3Kj55Zb05PJU+\n8WdCAsLyWw047QKCAQEA0wR37wwwsHw2SQ0bWpOZoKe9qTHo/MeyjTJenTGhBgHv\nxJf6NtwF22FGUuUo6Ap7WrsNKMSnkAGwCvDeBMB/384u6ZDzjwQUBvSzHJXvf9Uw\nBau6lSgmDpwvXkU5h5C5IYXgjvncrtrlI4tMqxDIO0nBQfORuwRzApWxZtPKbRa2\nOmALyXS4gizPgJVLeDqjhSkFKg1K82z4EdylK0I12XgSPMD5UrvXAO6HhoUmUTg3\nC3j7WpYtdHlUiQZ/mnt1pSWabCqWJ2pZMjRZBr5fBuz95MQmaKQzXRPrPoBJPSzp\nRgmNE3YdDG61KFWBIionFlytjMymQWPDrHQGE/oHYQKCAQA8X48wZD7780ZfeRdE\nQaUiH0ZqM3Gq5Ue3diplEhKfCUdNz9fDyNHy0xh+amfD12vZD62D+ZeGQg5U8zgz\n6XEujwCvheo2U8/AUeExiKCT8g86DYvZV/39OnbpT9Sppmpl68scN9fwKwIpYnxy\n6Hsu/1tPuv0R9mfD83Gi+Dpkyg5uNmMK41zf0I6NTkQk/ugWTT/nZZGH1MT9ROzr\n9rJP7b3e4YwtNrXS9eVBaJ0oJqJax6fUOPiH78D+9tyyz+HnAFnoBG2FYtVtU5lf\nJDn1Q/PGkYLgsBrfhnhg6+KvYLR/VcPARX94MDbKK/V0ZMru3wpyPQLZPcakfzYC\nVX+VAoIBAQCzf6WVzsTMG50B3whZsByKsKWA+1e5TxXvTd110fWrapJOpQjPCbJh\nvwlXEmANonzz3RGAkGgI86aQZ/w0BpvAAV+ehxLnoQx4Lkb+Ffy4vNwwtrfskU5u\nNyWEB1a8nrscbQlsFddHViR8a8435fqtlDu0okBg2ZQLqtJRKe+ThDJWzcS5BXS+\nJugL9PNRvm/CofYmo1ASaatLZmmJtrSf3KeGzpBHdEmcHUtjfnfttuf79lm54O2h\nmmPye3ioLEUSyj3lrQQ1Wx2suyLPvbiP56DBrKkPcj3O+1asv+uNAlscnJtI5rwn\nCzVGrhU+vqSpPQTUNHFoRjj4xWk2LQWBAoIBAHS2GYeEaHzdxLPIqnW9hPM0qlH5\nSBeYryT61MLJJkeC2uchRqzk1edBpA2CxpYHYqRrma1CHFsWFeW1cr3ILYk2bBsN\naefM1Zc9ETndxD0o81tu2tT1NGvCXSob5puOToLjzyi9tj65L7u1FFTBqnNLgQRg\n0P7Aqg7iFNszh9jHNuAlP2I7KGQbJ1+GVm5sU6AZLmJXjiyhxQ7Q1ALHOop8PEuy\nhBJ768psNX9Ggpe6pDYv3Gj1oZpR5FhCiOqNfuBGuKdeX6ik1lULUMNSiGcqPwtc\ndLcFl0EEGgnXneLfkC93rvCcZNiqVbZFagOenHqCYR55O/zFueX61l1JEJg=\n-----END RSA PRIVATE KEY-----\n",
      "type": "string",
      "sensitive": true
    }
  },
  "resources": [
    {
      "mode": "data",
      "type": "aws_acm_certificate",
      "name": "cert",
      "provider": "provider[\"registry.terraform.io/hashicorp/aws\"]",
      "instances": [
        {
          "schema_version": 0,
          "attributes": {
            "arn": "arn:aws:acm:us-east-1:952813204183:certificate/327db5dc-1ba0-4522-9b9c-86d903991a87",
            "certificate": "-----BEGIN CERTIFICATE-----\nMIIF3TCCBMWgAwIBAgIQAoltWcpyb7P2HumgR4mYYzANBgkqhkiG9w0BAQsFADA8\nMQswCQYDVQQGEwJVUzEPMA0GA1UEChMGQW1hem9uMRwwGgYDVQQDExNBbWF6b24g\nUlNBIDIwNDggTTAzMB4XDTIzMTAyODAwMDAwMFoXDTI0MTEyNTIzNTk1OVowGjEY\nMBYGA1UEAxMPbWVydmVyaXNraW4uY29tMIIBIjANBgkqhkiG9w0BAQEFAAOCAQ8A\nMIIBCgKCAQEAuQUsFFy+2drjaDtYukilMom3fTk4nWzIk1UyCzZoeuHt50Bc0ZSq\nqa8eTzYCVZj7uCMfTr4/y1elwFz0WEgNy2uS/YFnqrm2EuR3Q0XTRzSs67Z2XUSu\ngyqFPyzKz3SjlJI0HJQpajIb8zlNNsufEjEHFyecmMr+UQNRbnyKGhTnOopwH2J5\n+YK9OskLwQKpk3corfNxdfO53TsoNhVSM5i8KzMEvTVmja5kRAVeVwmu9UTzhyq/\npK5azyOGzy/LUSFvOucCNPZzyWujgJvbzC5O5463ZnVXXUhg4Cwe9HcEXDspNty8\n9+b7iPHr9lziL0nWyPln/cW9ivMnKhkLNwIDAQABo4IC+zCCAvcwHwYDVR0jBBgw\nFoAUVdkYX9IczAHhWLS+q9lVQgHXLgIwHQYDVR0OBBYEFLWvyQZAOKULLjmtTZsS\nT8sQJ1OwMC0GA1UdEQQmMCSCD21lcnZlcmlza2luLmNvbYIRKi5tZXJ2ZXJpc2tp\nbi5jb20wEwYDVR0gBAwwCjAIBgZngQwBAgEwDgYDVR0PAQH/BAQDAgWgMB0GA1Ud\nJQQWMBQGCCsGAQUFBwMBBggrBgEFBQcDAjA7BgNVHR8ENDAyMDCgLqAshipodHRw\nOi8vY3JsLnIybTAzLmFtYXpvbnRydXN0LmNvbS9yMm0wMy5jcmwwdQYIKwYBBQUH\nAQEEaTBnMC0GCCsGAQUFBzABhiFodHRwOi8vb2NzcC5yMm0wMy5hbWF6b250cnVz\ndC5jb20wNgYIKwYBBQUHMAKGKmh0dHA6Ly9jcnQucjJtMDMuYW1hem9udHJ1c3Qu\nY29tL3IybTAzLmNlcjAMBgNVHRMBAf8EAjAAMIIBfgYKKwYBBAHWeQIEAgSCAW4E\nggFqAWgAdgDuzdBk1dsazsVct520zROiModGfLzs3sNRSFlGcR+1mwAAAYt1g4UK\nAAAEAwBHMEUCIDSf/BS1LbEU+inLq3UbnPqgk8heG4ddtK5PeEkh9bGQAiEAzOct\nEWUjJayq2HI65tlR+nvwjGgrF1wpEISlGEghRG4AdQBIsONr2qZHNA/lagL6nTDr\nHFIBy1bdLIHZu7+rOdiEcwAAAYt1g4UJAAAEAwBGMEQCID6XSnpYc6TJNxjtUMT0\n3gB5MoGfpEfO+x94twXCJ2mUAiAuypqDlf637RwWOYPtmHoHoHfLm5F4g9yTn473\n2IVXXAB3AD8XS0/XIkdYlB1lHIS+DRLtkDd/H4Vq68G/KIXs+GRuAAABi3WDhT4A\nAAQDAEgwRgIhAI8JiaT8rxPGdg3kRzgj/0WbsiTz7KPFPlhqZxEzPZTXAiEA20cL\njn6L33ZQxh04nQd/ULv/ARZkKAsJP3cBpEHRzD4wDQYJKoZIhvcNAQELBQADggEB\nAIx5KknjMU8aFnaAOp74YCOKAHQBq5zx1ns4o8KhKADQ2giIOv45hONMmHF0BoRT\nsstESfn13M+DZeJtv1NiuajNyBhCJEnOjz9KKS5JldtDlybYSIQ071IQO/JuP7Bh\n2zhyu6s3+MNjElaGzNwkki3s942bHC5Yulmz8ZRuUjb1JJNxjNl+2DMTMfp2d0ei\naUKVqSWdJzC6YXM8htcu+NGqphRccF18UYgBvkKU0W1/S3s7bha8cAEjXI44YDQa\nqR9VZI053/46D2gQfkWuU1y7Au9Qcn8gmEAe3zWLbDJoJQBMA2CF/zx969o6X2yF\nUwOrQiga1RGbFhgEJmyX+6U=\n-----END CERTIFICATE-----\n",
            "certificate_chain": "-----BEGIN CERTIFICATE-----\nMIIEXjCCA0agAwIBAgITB3MSTNQG0mfAmRzdKZqfODF5hTANBgkqhkiG9w0BAQsF\nADA5MQswCQYDVQQGEwJVUzEPMA0GA1UEChMGQW1hem9uMRkwFwYDVQQDExBBbWF6\nb24gUm9vdCBDQSAxMB4XDTIyMDgyMzIyMjYwNFoXDTMwMDgyMzIyMjYwNFowPDEL\nMAkGA1UEBhMCVVMxDzANBgNVBAoTBkFtYXpvbjEcMBoGA1UEAxMTQW1hem9uIFJT\nQSAyMDQ4IE0wMzCCASIwDQYJKoZIhvcNAQEBBQADggEPADCCAQoCggEBALd/pVko\n8vuM475Tf45HV3BbCl/B9Jy89G1CRkFjcPY06WA9lS+7dWbUA7GtWUKoksr69hKM\nwcMsNpxlw7b3jeXFgxB09/nmalcAWtnLzF+LaDKEA5DQmvKzuh1nfIfqEiKCQSmX\nXh09Xs+dO7cm5qbaL2hhNJCSAejciwcvOFgFNgEMR42wm6KIFHsQW28jhA+1u/M0\np6fVwReuEgZfLfdx82Px0LJck3lST3EB/JfbdsdOzzzg5YkY1dfuqf8y5fUeZ7Cz\nWXbTjujwX/TovmeWKA36VLCz75azW6tDNuDn66FOpADZZ9omVaF6BqNJiLMVl6P3\n/c0OiUMC6Z5OfKcCAwEAAaOCAVowggFWMBIGA1UdEwEB/wQIMAYBAf8CAQAwDgYD\nVR0PAQH/BAQDAgGGMB0GA1UdJQQWMBQGCCsGAQUFBwMBBggrBgEFBQcDAjAdBgNV\nHQ4EFgQUVdkYX9IczAHhWLS+q9lVQgHXLgIwHwYDVR0jBBgwFoAUhBjMhTTsvAyU\nlC4IWZzHshBOCggwewYIKwYBBQUHAQEEbzBtMC8GCCsGAQUFBzABhiNodHRwOi8v\nb2NzcC5yb290Y2ExLmFtYXpvbnRydXN0LmNvbTA6BggrBgEFBQcwAoYuaHR0cDov\nL2NydC5yb290Y2ExLmFtYXpvbnRydXN0LmNvbS9yb290Y2ExLmNlcjA/BgNVHR8E\nODA2MDSgMqAwhi5odHRwOi8vY3JsLnJvb3RjYTEuYW1hem9udHJ1c3QuY29tL3Jv\nb3RjYTEuY3JsMBMGA1UdIAQMMAowCAYGZ4EMAQIBMA0GCSqGSIb3DQEBCwUAA4IB\nAQAGjeWm2cC+3z2MzSCnte46/7JZvj3iQZDY7EvODNdZF41n71Lrk9kbfNwerK0d\nVNzW36Wefr7j7ZSwBVg50W5ay65jNSN74TTQV1yt4WnSbVvN6KlMs1hiyOZdoHKs\nKDV2UGNxbdoBYCQNa2GYF8FQIWLugNp35aSOpMy6cFlymFQomIrnOQHwK1nvVY4q\nxDSJMU/gNJz17D8ArPN3ngnyZ2TwepJ0uBINz3G5te2rdFUF4i4Y3Bb7FUlHDYm4\nu8aIRGpk2ZpfXmxaoxnbIBZRvGLPSUuPwnwoUOMsJ8jirI5vs2dvchPb7MtI1rle\ni02f2ivH2vxkjDLltSpe2fiC\n-----END CERTIFICATE-----\n-----BEGIN CERTIFICATE-----\nMIIEkjCCA3qgAwIBAgITBn+USionzfP6wq4rAfkI7rnExjANBgkqhkiG9w0BAQsF\nADCBmDELMAkGA1UEBhMCVVMxEDAOBgNVBAgTB0FyaXpvbmExEzARBgNVBAcTClNj\nb3R0c2RhbGUxJTAjBgNVBAoTHFN0YXJmaWVsZCBUZWNobm9sb2dpZXMsIEluYy4x\nOzA5BgNVBAMTMlN0YXJmaWVsZCBTZXJ2aWNlcyBSb290IENlcnRpZmljYXRlIEF1\ndGhvcml0eSAtIEcyMB4XDTE1MDUyNTEyMDAwMFoXDTM3MTIzMTAxMDAwMFowOTEL\nMAkGA1UEBhMCVVMxDzANBgNVBAoTBkFtYXpvbjEZMBcGA1UEAxMQQW1hem9uIFJv\nb3QgQ0EgMTCCASIwDQYJKoZIhvcNAQEBBQADggEPADCCAQoCggEBALJ4gHHKeNXj\nca9HgFB0fW7Y14h29Jlo91ghYPl0hAEvrAIthtOgQ3pOsqTQNroBvo3bSMgHFzZM\n9O6II8c+6zf1tRn4SWiw3te5djgdYZ6k/oI2peVKVuRF4fn9tBb6dNqcmzU5L/qw\nIFAGbHrQgLKm+a/sRxmPUDgH3KKHOVj4utWp+UhnMJbulHheb4mjUcAwhmahRWa6\nVOujw5H5SNz/0egwLX0tdHA114gk957EWW67c4cX8jJGKLhD+rcdqsq08p8kDi1L\n93FcXmn/6pUCyziKrlA4b9v7LWIbxcceVOF34GfID5yHI9Y/QCB/IIDEgEw+OyQm\njgSubJrIqg0CAwEAAaOCATEwggEtMA8GA1UdEwEB/wQFMAMBAf8wDgYDVR0PAQH/\nBAQDAgGGMB0GA1UdDgQWBBSEGMyFNOy8DJSULghZnMeyEE4KCDAfBgNVHSMEGDAW\ngBScXwDfqgHXMCs4iKK4bUqc8hGRgzB4BggrBgEFBQcBAQRsMGowLgYIKwYBBQUH\nMAGGImh0dHA6Ly9vY3NwLnJvb3RnMi5hbWF6b250cnVzdC5jb20wOAYIKwYBBQUH\nMAKGLGh0dHA6Ly9jcnQucm9vdGcyLmFtYXpvbnRydXN0LmNvbS9yb290ZzIuY2Vy\nMD0GA1UdHwQ2MDQwMqAwoC6GLGh0dHA6Ly9jcmwucm9vdGcyLmFtYXpvbnRydXN0\nLmNvbS9yb290ZzIuY3JsMBEGA1UdIAQKMAgwBgYEVR0gADANBgkqhkiG9w0BAQsF\nAAOCAQEAYjdCXLwQtT6LLOkMm2xF4gcAevnFWAu5CIw+7bMlPLVvUOTNNWqnkzSW\nMiGpSESrnO09tKpzbeR/FoCJbM8oAxiDR3mjEH4wW6w7sGDgd9QIpuEdfF7Au/ma\neyKdpwAJfqxGF4PcnCZXmTA5YpaP7dreqsXMGz7KQ2hsVxa81Q4gLv7/wmpdLqBK\nbRRYh5TmOTFffHPLkIhqhBGWJ6bt2YFGpn6jcgAKUj6DiAdjd4lpFw85hdKrCEVN\n0FE6/V1dN2RMfjCyVSRCnTawXZwXgWHxyvkQAiSr6w10kY17RSlQOYiypok1JR4U\nakcjMS9cmvqtmg5iUaQqqcT5NJ0hGA==\n-----END CERTIFICATE-----\n-----BEGIN CERTIFICATE-----\nMIIEdTCCA12gAwIBAgIJAKcOSkw0grd/MA0GCSqGSIb3DQEBCwUAMGgxCzAJBgNV\nBAYTAlVTMSUwIwYDVQQKExxTdGFyZmllbGQgVGVjaG5vbG9naWVzLCBJbmMuMTIw\nMAYDVQQLEylTdGFyZmllbGQgQ2xhc3MgMiBDZXJ0aWZpY2F0aW9uIEF1dGhvcml0\neTAeFw0wOTA5MDIwMDAwMDBaFw0zNDA2MjgxNzM5MTZaMIGYMQswCQYDVQQGEwJV\nUzEQMA4GA1UECBMHQXJpem9uYTETMBEGA1UEBxMKU2NvdHRzZGFsZTElMCMGA1UE\nChMcU3RhcmZpZWxkIFRlY2hub2xvZ2llcywgSW5jLjE7MDkGA1UEAxMyU3RhcmZp\nZWxkIFNlcnZpY2VzIFJvb3QgQ2VydGlmaWNhdGUgQXV0aG9yaXR5IC0gRzIwggEi\nMA0GCSqGSIb3DQEBAQUAA4IBDwAwggEKAoIBAQDVDDrEKvlO4vW+GZdfjohTsR8/\ny8+fIBNtKTrID30892t2OGPZNmCom15cAICyL1l/9of5JUOG52kbUpqQ4XHj2C0N\nTm/2yEnZtvMaVq4rtnQU68/7JuMauh2WLmo7WJSJR1b/JaCTcFOD2oR0FMNnngRo\nOt+OQFodSk7PQ5E751bWAHDLUu57fa4657wx+UX2wmDPE1kCK4DMNEffud6QZW0C\nzyyRpqbn3oUYSXxmTqM6bam17jQuug0DuDPfR+uxa40l2ZvOgdFFRjKWcIfeAg5J\nQ4W2bHO7ZOphQazJ1FTfhy/HIrImzJ9ZVGif/L4qL8RVHHVAYBeFAlU5i38FAgMB\nAAGjgfAwge0wDwYDVR0TAQH/BAUwAwEB/zAOBgNVHQ8BAf8EBAMCAYYwHQYDVR0O\nBBYEFJxfAN+qAdcwKziIorhtSpzyEZGDMB8GA1UdIwQYMBaAFL9ft9HO3R+G9FtV\nrNzXEMIOqYjnME8GCCsGAQUFBwEBBEMwQTAcBggrBgEFBQcwAYYQaHR0cDovL28u\nc3MyLnVzLzAhBggrBgEFBQcwAoYVaHR0cDovL3guc3MyLnVzL3guY2VyMCYGA1Ud\nHwQfMB0wG6AZoBeGFWh0dHA6Ly9zLnNzMi51cy9yLmNybDARBgNVHSAECjAIMAYG\nBFUdIAAwDQYJKoZIhvcNAQELBQADggEBACMd44pXyn3pF3lM8R5V/cxTbj5HD9/G\nVfKyBDbtgB9TxF00KGu+x1X8Z+rLP3+QsjPNG1gQggL4+C/1E2DUBc7xgQjB3ad1\nl08YuW3e95ORCLp+QCztweq7dp4zBncdDQh/U90bZKuCJ/Fp1U1ervShw3WnWEQt\n8jxwmKy6abaVd38PMV4s/KCHOkdp8Hlf9BRUpJVeEXgSYCfOn8J3/yNTd126/+pZ\n59vPr5KW7ySaNRB6nJHGDn2Z9j8Z3/VyVOEVqQdZe4O/Ui5GjLIAZHYcSNPYeehu\nVsyuLAOQ1xk4meTKCRlb/weWsKh/NEnfVqn3sF/tM+2MR7cwA130A4w=\n-----END CERTIFICATE-----\n",
            "domain": "merveriskin.com",
            "id": "arn:aws:acm:us-east-1:952813204183:certificate/327db5dc-1ba0-4522-9b9c-86d903991a87",
            "key_types": null,
            "most_recent": true,
            "status": "ISSUED",
            "statuses": [
              "ISSUED"
            ],
            "tags": {},
            "types": null
          },
          "sensitive_attributes": []
        }
      ]
    },
    {
      "mode": "data",
      "type": "aws_route53_zone",
      "name": "dns",
      "provider": "provider[\"registry.terraform.io/hashicorp/aws\"]",
      "instances": [
        {
          "schema_version": 0,
          "attributes": {
            "arn": "arn:aws:route53:::hostedzone/Z09362793KKS4P9X1ZGP5",
            "caller_reference": "RISWorkflow-RD:d3acb25a-667d-4c3a-bc32-9e28171aa761",
            "comment": "HostedZone created by Route53 Registrar",
            "id": "Z09362793KKS4P9X1ZGP5",
            "linked_service_description": null,
            "linked_service_principal": null,
            "name": "merveriskin.com",
            "name_servers": [
              "ns-2018.awsdns-60.co.uk",
              "ns-645.awsdns-16.net",
              "ns-1242.awsdns-27.org",
              "ns-176.awsdns-22.com"
            ],
            "primary_name_server": "ns-2018.awsdns-60.co.uk",
            "private_zone": false,
            "resource_record_set_count": 4,
            "tags": {},
            "vpc_id": null,
            "zone_id": "Z09362793KKS4P9X1ZGP5"
          },
          "sensitive_attributes": []
        }
      ]
    },
    {
      "mode": "data",
      "type": "aws_vpc",
      "name": "selected",
      "provider": "provider[\"registry.terraform.io/hashicorp/aws\"]",
      "instances": [
        {
          "schema_version": 0,
          "attributes": {
            "arn": "arn:aws:ec2:us-east-1:952813204183:vpc/vpc-01b5fae3622893df8",
            "cidr_block": "172.31.0.0/16",
            "cidr_block_associations": [
              {
                "association_id": "vpc-cidr-assoc-0329ee39dc44b404d",
                "cidr_block": "172.31.0.0/16",
                "state": "associated"
              }
            ],
            "default": true,
            "dhcp_options_id": "dopt-09446a897d4b72531",
            "enable_dns_hostnames": true,
            "enable_dns_support": true,
            "enable_network_address_usage_metrics": false,
            "filter": null,
            "id": "vpc-01b5fae3622893df8",
            "instance_tenancy": "default",
            "ipv6_association_id": "",
            "ipv6_cidr_block": "",
            "main_route_table_id": "rtb-072f5ad73287ca9ef",
            "owner_id": "952813204183",
            "state": null,
            "tags": {
              "Name": "default-vpc"
            },
            "timeouts": null
          },
          "sensitive_attributes": []
        }
      ]
    },
    {
      "mode": "managed",
      "type": "aws_alb_listener",
      "name": "rancher-listener1",
      "provider": "provider[\"registry.terraform.io/hashicorp/aws\"]",
      "instances": [
        {
          "schema_version": 0,
          "attributes": {
            "alpn_policy": null,
            "arn": "arn:aws:elasticloadbalancing:us-east-1:952813204183:listener/app/petclinic-rancher-alb/30ce066c082b7474/3a21b31c6f9c4029",
            "certificate_arn": "arn:aws:acm:us-east-1:952813204183:certificate/327db5dc-1ba0-4522-9b9c-86d903991a87",
            "default_action": [
              {
                "authenticate_cognito": [],
                "authenticate_oidc": [],
                "fixed_response": [],
                "forward": [],
                "order": 1,
                "redirect": [],
                "target_group_arn": "arn:aws:elasticloadbalancing:us-east-1:952813204183:targetgroup/clarus-rancher-http-80-tg/c46c9cdec1c991f0",
                "type": "forward"
              }
            ],
            "id": "arn:aws:elasticloadbalancing:us-east-1:952813204183:listener/app/petclinic-rancher-alb/30ce066c082b7474/3a21b31c6f9c4029",
            "load_balancer_arn": "arn:aws:elasticloadbalancing:us-east-1:952813204183:loadbalancer/app/petclinic-rancher-alb/30ce066c082b7474",
            "mutual_authentication": [
              {
                "ignore_client_certificate_expiry": false,
                "mode": "off",
                "trust_store_arn": ""
              }
            ],
            "port": 443,
            "protocol": "HTTPS",
            "ssl_policy": "ELBSecurityPolicy-2016-08",
            "tags": null,
            "tags_all": {},
            "timeouts": null
          },
          "sensitive_attributes": [],
          "private": "eyJlMmJmYjczMC1lY2FhLTExZTYtOGY4OC0zNDM2M2JjN2M0YzAiOnsiY3JlYXRlIjozMDAwMDAwMDAwMDAsInVwZGF0ZSI6MzAwMDAwMDAwMDAwfX0=",
          "dependencies": [
            "aws_alb_target_group.rancher-tg",
            "aws_lb.rancher-alb",
            "aws_security_group.rancher-alb",
            "data.aws_acm_certificate.cert"
          ]
        }
      ]
    },
    {
      "mode": "managed",
      "type": "aws_alb_listener",
      "name": "rancher-listener2",
      "provider": "provider[\"registry.terraform.io/hashicorp/aws\"]",
      "instances": [
        {
          "schema_version": 0,
          "attributes": {
            "alpn_policy": null,
            "arn": "arn:aws:elasticloadbalancing:us-east-1:952813204183:listener/app/petclinic-rancher-alb/30ce066c082b7474/709b6f004d1f9abf",
            "certificate_arn": null,
            "default_action": [
              {
                "authenticate_cognito": [],
                "authenticate_oidc": [],
                "fixed_response": [],
                "forward": [],
                "order": 1,
                "redirect": [
                  {
                    "host": "#{host}",
                    "path": "/#{path}",
                    "port": "443",
                    "protocol": "HTTPS",
                    "query": "#{query}",
                    "status_code": "HTTP_301"
                  }
                ],
                "target_group_arn": "",
                "type": "redirect"
              }
            ],
            "id": "arn:aws:elasticloadbalancing:us-east-1:952813204183:listener/app/petclinic-rancher-alb/30ce066c082b7474/709b6f004d1f9abf",
            "load_balancer_arn": "arn:aws:elasticloadbalancing:us-east-1:952813204183:loadbalancer/app/petclinic-rancher-alb/30ce066c082b7474",
            "mutual_authentication": [],
            "port": 80,
            "protocol": "HTTP",
            "ssl_policy": "",
            "tags": {},
            "tags_all": {},
            "timeouts": null
          },
          "sensitive_attributes": [],
          "private": "eyJlMmJmYjczMC1lY2FhLTExZTYtOGY4OC0zNDM2M2JjN2M0YzAiOnsiY3JlYXRlIjozMDAwMDAwMDAwMDAsInVwZGF0ZSI6MzAwMDAwMDAwMDAwfX0=",
          "dependencies": [
            "aws_lb.rancher-alb",
            "aws_security_group.rancher-alb"
          ]
        }
      ]
    },
    {
      "mode": "managed",
      "type": "aws_alb_target_group",
      "name": "rancher-tg",
      "provider": "provider[\"registry.terraform.io/hashicorp/aws\"]",
      "instances": [
        {
          "schema_version": 0,
          "attributes": {
            "arn": "arn:aws:elasticloadbalancing:us-east-1:952813204183:targetgroup/clarus-rancher-http-80-tg/c46c9cdec1c991f0",
            "arn_suffix": "targetgroup/clarus-rancher-http-80-tg/c46c9cdec1c991f0",
            "connection_termination": null,
            "deregistration_delay": "300",
            "health_check": [
              {
                "enabled": true,
                "healthy_threshold": 3,
                "interval": 10,
                "matcher": "200",
                "path": "/healthz",
                "port": "traffic-port",
                "protocol": "HTTP",
                "timeout": 5,
                "unhealthy_threshold": 3
              }
            ],
            "id": "arn:aws:elasticloadbalancing:us-east-1:952813204183:targetgroup/clarus-rancher-http-80-tg/c46c9cdec1c991f0",
            "ip_address_type": "ipv4",
            "lambda_multi_value_headers_enabled": false,
            "load_balancer_arns": [],
            "load_balancing_algorithm_type": "round_robin",
            "load_balancing_anomaly_mitigation": "off",
            "load_balancing_cross_zone_enabled": "use_load_balancer_configuration",
            "name": "clarus-rancher-http-80-tg",
            "name_prefix": "",
            "port": 80,
            "preserve_client_ip": null,
            "protocol": "HTTP",
            "protocol_version": "HTTP1",
            "proxy_protocol_v2": false,
            "slow_start": 0,
            "stickiness": [
              {
                "cookie_duration": 86400,
                "cookie_name": "",
                "enabled": false,
                "type": "lb_cookie"
              }
            ],
            "tags": null,
            "tags_all": {},
            "target_failover": [
              {
                "on_deregistration": null,
                "on_unhealthy": null
              }
            ],
            "target_health_state": [
              {
                "enable_unhealthy_connection_termination": null
              }
            ],
            "target_type": "instance",
            "vpc_id": "vpc-01b5fae3622893df8"
          },
          "sensitive_attributes": [],
          "private": "bnVsbA=="
        }
      ]
    },
    {
      "mode": "managed",
      "type": "aws_alb_target_group_attachment",
      "name": "rancher-attach",
      "provider": "provider[\"registry.terraform.io/hashicorp/aws\"]",
      "instances": [
        {
          "schema_version": 0,
          "attributes": {
            "availability_zone": null,
            "id": "arn:aws:elasticloadbalancing:us-east-1:952813204183:targetgroup/clarus-rancher-http-80-tg/c46c9cdec1c991f0-20240404095206121800000002",
            "port": null,
            "target_group_arn": "arn:aws:elasticloadbalancing:us-east-1:952813204183:targetgroup/clarus-rancher-http-80-tg/c46c9cdec1c991f0",
            "target_id": "i-0d51f24fc767d0fc0"
          },
          "sensitive_attributes": [],
          "private": "bnVsbA==",
          "dependencies": [
            "aws_alb_target_group.rancher-tg",
            "aws_iam_instance_profile.profile_for_rancher",
            "aws_iam_role.role_for_rancher",
            "aws_instance.tf-rancher-server",
            "aws_key_pair.generated_key",
            "aws_security_group.rancher-alb",
            "aws_security_group.tf-rancher-sec-gr",
            "tls_private_key.example"
          ]
        }
      ]
    },
    {
      "mode": "managed",
      "type": "aws_iam_instance_profile",
      "name": "profile_for_rancher",
      "provider": "provider[\"registry.terraform.io/hashicorp/aws\"]",
      "instances": [
        {
          "schema_version": 0,
          "attributes": {
            "arn": "arn:aws:iam::952813204183:instance-profile/petclinic_role_rancher",
            "create_date": "2024-04-04T09:37:19Z",
            "id": "petclinic_role_rancher",
            "name": "petclinic_role_rancher",
            "name_prefix": "",
            "path": "/",
            "role": "petclinic_role_rancher",
            "tags": {},
            "tags_all": {},
            "unique_id": "AIPA53WAXWLL2I4ABJF3K"
          },
          "sensitive_attributes": [],
          "private": "bnVsbA==",
          "dependencies": [
            "aws_iam_role.role_for_rancher"
          ]
        }
      ]
    },
    {
      "mode": "managed",
      "type": "aws_iam_policy",
      "name": "policy_for_rke-controlplane_role",
      "provider": "provider[\"registry.terraform.io/hashicorp/aws\"]",
      "instances": [
        {
          "schema_version": 0,
          "attributes": {
            "arn": "arn:aws:iam::952813204183:policy/petclinic_policy_for_rke-controlplane_role",
            "description": "",
            "id": "arn:aws:iam::952813204183:policy/petclinic_policy_for_rke-controlplane_role",
            "name": "petclinic_policy_for_rke-controlplane_role",
            "name_prefix": "",
            "path": "/",
            "policy": "{\"Statement\":[{\"Action\":[\"autoscaling:DescribeAutoScalingGroups\",\"autoscaling:DescribeLaunchConfigurations\",\"autoscaling:DescribeTags\",\"ec2:DescribeInstances\",\"ec2:DescribeRegions\",\"ec2:DescribeRouteTables\",\"ec2:DescribeSecurityGroups\",\"ec2:DescribeSubnets\",\"ec2:DescribeVolumes\",\"ec2:CreateSecurityGroup\",\"ec2:CreateTags\",\"ec2:CreateVolume\",\"ec2:ModifyInstanceAttribute\",\"ec2:ModifyVolume\",\"ec2:AttachVolume\",\"ec2:AuthorizeSecurityGroupIngress\",\"ec2:CreateRoute\",\"ec2:DeleteRoute\",\"ec2:DeleteSecurityGroup\",\"ec2:DeleteVolume\",\"ec2:DetachVolume\",\"ec2:RevokeSecurityGroupIngress\",\"ec2:DescribeVpcs\",\"elasticloadbalancing:AddTags\",\"elasticloadbalancing:AttachLoadBalancerToSubnets\",\"elasticloadbalancing:ApplySecurityGroupsToLoadBalancer\",\"elasticloadbalancing:CreateLoadBalancer\",\"elasticloadbalancing:CreateLoadBalancerPolicy\",\"elasticloadbalancing:CreateLoadBalancerListeners\",\"elasticloadbalancing:ConfigureHealthCheck\",\"elasticloadbalancing:DeleteLoadBalancer\",\"elasticloadbalancing:DeleteLoadBalancerListeners\",\"elasticloadbalancing:DescribeLoadBalancers\",\"elasticloadbalancing:DescribeLoadBalancerAttributes\",\"elasticloadbalancing:DetachLoadBalancerFromSubnets\",\"elasticloadbalancing:DeregisterInstancesFromLoadBalancer\",\"elasticloadbalancing:ModifyLoadBalancerAttributes\",\"elasticloadbalancing:RegisterInstancesWithLoadBalancer\",\"elasticloadbalancing:SetLoadBalancerPoliciesForBackendServer\",\"elasticloadbalancing:AddTags\",\"elasticloadbalancing:CreateListener\",\"elasticloadbalancing:CreateTargetGroup\",\"elasticloadbalancing:DeleteListener\",\"elasticloadbalancing:DeleteTargetGroup\",\"elasticloadbalancing:DescribeListeners\",\"elasticloadbalancing:DescribeLoadBalancerPolicies\",\"elasticloadbalancing:DescribeTargetGroups\",\"elasticloadbalancing:DescribeTargetHealth\",\"elasticloadbalancing:ModifyListener\",\"elasticloadbalancing:ModifyTargetGroup\",\"elasticloadbalancing:RegisterTargets\",\"elasticloadbalancing:SetLoadBalancerPoliciesOfListener\",\"iam:CreateServiceLinkedRole\",\"kms:DescribeKey\"],\"Effect\":\"Allow\",\"Resource\":[\"*\"]}],\"Version\":\"2012-10-17\"}",
            "policy_id": "ANPA53WAXWLLY5MLLTK4Z",
            "tags": {},
            "tags_all": {}
          },
          "sensitive_attributes": [],
          "private": "bnVsbA=="
        }
      ]
    },
    {
      "mode": "managed",
      "type": "aws_iam_policy",
      "name": "policy_for_rke_etcd_worker_role",
      "provider": "provider[\"registry.terraform.io/hashicorp/aws\"]",
      "instances": [
        {
          "schema_version": 0,
          "attributes": {
            "arn": "arn:aws:iam::952813204183:policy/petclinic_policy_for_rke_etcd_worker_role",
            "description": "",
            "id": "arn:aws:iam::952813204183:policy/petclinic_policy_for_rke_etcd_worker_role",
            "name": "petclinic_policy_for_rke_etcd_worker_role",
            "name_prefix": "",
            "path": "/",
            "policy": "{\"Statement\":[{\"Action\":[\"ec2:DescribeInstances\",\"ec2:DescribeRegions\",\"ecr:GetAuthorizationToken\",\"ecr:BatchCheckLayerAvailability\",\"ecr:GetDownloadUrlForLayer\",\"ecr:GetRepositoryPolicy\",\"ecr:DescribeRepositories\",\"ecr:ListImages\",\"ecr:BatchGetImage\"],\"Effect\":\"Allow\",\"Resource\":\"*\"}],\"Version\":\"2012-10-17\"}",
            "policy_id": "ANPA53WAXWLLRJJ56BB7Z",
            "tags": {},
            "tags_all": {}
          },
          "sensitive_attributes": [],
          "private": "bnVsbA=="
        }
      ]
    },
    {
      "mode": "managed",
      "type": "aws_iam_policy_attachment",
      "name": "attach_for_rancher1",
      "provider": "provider[\"registry.terraform.io/hashicorp/aws\"]",
      "instances": [
        {
          "schema_version": 0,
          "attributes": {
            "groups": [],
            "id": "petclinic_attachment_for_rancher_controlplane",
            "name": "petclinic_attachment_for_rancher_controlplane",
            "policy_arn": "arn:aws:iam::952813204183:policy/petclinic_policy_for_rke-controlplane_role",
            "roles": [
              "petclinic_role_rancher"
            ],
            "users": []
          },
          "sensitive_attributes": [],
          "private": "bnVsbA==",
          "dependencies": [
            "aws_iam_policy.policy_for_rke-controlplane_role",
            "aws_iam_role.role_for_rancher"
          ]
        }
      ]
    },
    {
      "mode": "managed",
      "type": "aws_iam_policy_attachment",
      "name": "attach_for_rancher2",
      "provider": "provider[\"registry.terraform.io/hashicorp/aws\"]",
      "instances": [
        {
          "schema_version": 0,
          "attributes": {
            "groups": [],
            "id": "petclinic_attachment_for_rancher_controlplane",
            "name": "petclinic_attachment_for_rancher_controlplane",
            "policy_arn": "arn:aws:iam::952813204183:policy/petclinic_policy_for_rke_etcd_worker_role",
            "roles": [
              "petclinic_role_rancher"
            ],
            "users": []
          },
          "sensitive_attributes": [],
          "private": "bnVsbA==",
          "dependencies": [
            "aws_iam_policy.policy_for_rke_etcd_worker_role",
            "aws_iam_role.role_for_rancher"
          ]
        }
      ]
    },
    {
      "mode": "managed",
      "type": "aws_iam_role",
      "name": "role_for_rancher",
      "provider": "provider[\"registry.terraform.io/hashicorp/aws\"]",
      "instances": [
        {
          "schema_version": 0,
          "attributes": {
            "arn": "arn:aws:iam::952813204183:role/petclinic_role_rancher",
            "assume_role_policy": "{\"Statement\":[{\"Action\":\"sts:AssumeRole\",\"Effect\":\"Allow\",\"Principal\":{\"Service\":\"ec2.amazonaws.com\"},\"Sid\":\"\"}],\"Version\":\"2012-10-17\"}",
            "create_date": "2024-04-04T09:37:18Z",
            "description": "",
            "force_detach_policies": false,
            "id": "petclinic_role_rancher",
            "inline_policy": [],
            "managed_policy_arns": [
              "arn:aws:iam::952813204183:policy/petclinic_policy_for_rke-controlplane_role",
              "arn:aws:iam::952813204183:policy/petclinic_policy_for_rke_etcd_worker_role"
            ],
            "max_session_duration": 3600,
            "name": "petclinic_role_rancher",
            "name_prefix": "",
            "path": "/",
            "permissions_boundary": "",
            "tags": {
              "Name": "petclinic_role_controlplane_rke"
            },
            "tags_all": {
              "Name": "petclinic_role_controlplane_rke"
            },
            "unique_id": "AROA53WAXWLL5Q6WJ4424"
          },
          "sensitive_attributes": [],
          "private": "bnVsbA=="
        }
      ]
    },
    {
      "mode": "managed",
      "type": "aws_instance",
      "name": "tf-rancher-server",
      "provider": "provider[\"registry.terraform.io/hashicorp/aws\"]",
      "instances": [
        {
          "schema_version": 1,
          "attributes": {
            "ami": "ami-07d9b9ddc6cd8dd30",
            "arn": "arn:aws:ec2:us-east-1:952813204183:instance/i-0d51f24fc767d0fc0",
            "associate_public_ip_address": false,
            "availability_zone": "us-east-1a",
            "capacity_reservation_specification": [
              {
                "capacity_reservation_preference": "open",
                "capacity_reservation_target": []
              }
            ],
            "cpu_core_count": 1,
            "cpu_options": [
              {
                "amd_sev_snp": "",
                "core_count": 1,
                "threads_per_core": 2
              }
            ],
            "cpu_threads_per_core": 2,
            "credit_specification": [
              {
                "cpu_credits": "unlimited"
              }
            ],
            "disable_api_stop": false,
            "disable_api_termination": false,
            "ebs_block_device": [],
            "ebs_optimized": false,
            "enclave_options": [
              {
                "enabled": false
              }
            ],
            "ephemeral_block_device": [],
            "get_password_data": false,
            "hibernation": false,
            "host_id": "",
            "host_resource_group_arn": null,
            "iam_instance_profile": "petclinic_role_rancher",
            "id": "i-0d51f24fc767d0fc0",
            "instance_initiated_shutdown_behavior": "stop",
            "instance_lifecycle": "",
            "instance_market_options": [],
            "instance_state": "running",
            "instance_type": "t3a.medium",
            "ipv6_address_count": 0,
            "ipv6_addresses": [],
            "key_name": "petclinic-rancher",
            "launch_template": [],
            "maintenance_options": [
              {
                "auto_recovery": "default"
              }
            ],
            "metadata_options": [
              {
                "http_endpoint": "enabled",
                "http_protocol_ipv6": "disabled",
                "http_put_response_hop_limit": 1,
                "http_tokens": "optional",
                "instance_metadata_tags": "disabled"
              }
            ],
            "monitoring": false,
            "network_interface": [],
            "outpost_arn": "",
            "password_data": "",
            "placement_group": "",
            "placement_partition_number": 0,
            "primary_network_interface_id": "eni-0c96f93d6d091262d",
            "private_dns": "ip-172-31-96-219.ec2.internal",
            "private_dns_name_options": [
              {
                "enable_resource_name_dns_a_record": false,
                "enable_resource_name_dns_aaaa_record": false,
                "hostname_type": "ip-name"
              }
            ],
            "private_ip": "172.31.96.219",
            "public_dns": "",
            "public_ip": "",
            "root_block_device": [
              {
                "delete_on_termination": true,
                "device_name": "/dev/sda1",
                "encrypted": false,
                "iops": 100,
                "kms_key_id": "",
                "tags": null,
                "tags_all": {},
                "throughput": 0,
                "volume_id": "vol-0303f4151a3217ecf",
                "volume_size": 16,
                "volume_type": "gp2"
              }
            ],
            "secondary_private_ips": [],
            "security_groups": [
              "rancher-server-sec-gr"
            ],
            "source_dest_check": true,
            "spot_instance_request_id": "",
            "subnet_id": "subnet-041ad93e9eb765553",
            "tags": {
              "Name": "petclinic-rancher-server",
              "kubernetes.io/cluster/petclinic-Rancher": "owned"
            },
            "tags_all": {
              "Name": "petclinic-rancher-server",
              "kubernetes.io/cluster/petclinic-Rancher": "owned"
            },
            "tenancy": "default",
            "timeouts": null,
            "user_data": "dcb0b2a0ae4290493fa675d5a6d960f921d2e6d7",
            "user_data_base64": null,
            "user_data_replace_on_change": false,
            "volume_tags": null,
            "vpc_security_group_ids": [
              "sg-0c244451e3cc9a300"
            ]
          },
          "sensitive_attributes": [],
          "private": "eyJlMmJmYjczMC1lY2FhLTExZTYtOGY4OC0zNDM2M2JjN2M0YzAiOnsiY3JlYXRlIjo2MDAwMDAwMDAwMDAsImRlbGV0ZSI6MTIwMDAwMDAwMDAwMCwicmVhZCI6OTAwMDAwMDAwMDAwLCJ1cGRhdGUiOjYwMDAwMDAwMDAwMH0sInNjaGVtYV92ZXJzaW9uIjoiMSJ9",
          "dependencies": [
            "aws_iam_instance_profile.profile_for_rancher",
            "aws_iam_role.role_for_rancher",
            "aws_key_pair.generated_key",
            "aws_security_group.rancher-alb",
            "aws_security_group.tf-rancher-sec-gr",
            "tls_private_key.example"
          ]
        }
      ]
    },
    {
      "mode": "managed",
      "type": "aws_key_pair",
      "name": "generated_key",
      "provider": "provider[\"registry.terraform.io/hashicorp/aws\"]",
      "instances": [
        {
          "schema_version": 1,
          "attributes": {
            "arn": "arn:aws:ec2:us-east-1:952813204183:key-pair/petclinic-rancher",
            "fingerprint": "ec:16:38:c7:9b:f3:d9:0c:51:9c:e7:af:29:ed:a1:b0",
            "id": "petclinic-rancher",
            "key_name": "petclinic-rancher",
            "key_name_prefix": "",
            "key_pair_id": "key-05ccaab88ab13debe",
            "key_type": "rsa",
            "public_key": "ssh-rsa AAAAB3NzaC1yc2EAAAADAQABAAACAQCwCYq9U8w4mQNDyPnWT0c8iUryaP3DgmBAxQ1mu+d9DXUnzLzrpMl0ifm3xbtvqhX2MO+9pF5qPMIHXld6v9ES8yIGTGZqDrfwu1hFtA7AUlM38JBUwBptziN/gpW6hu6y1FqHMWFQ55c28aGbFQuoXb8zl1IJ9E0uajqUFmLfjrUAcP9fjrFQ76Y03Wr6EvA7eB+HUA/y8gyi4TsF+y1+btmT/HYPgv3Q2Qa9l1u67vrfHmoNIRWUeAuhR/190eS8mmvgocZqHCrWmM50nYJQI06fun/XOGKyTLFlajA+w7lFIAGR2hmm8OXNlrK6K6D7uCa4P2Mx14Te4B8mpjE3gL/0iuZTQ95Olfx0jMAqKBUBSQ8NSxA/NV6Not1hf1witpFHWMSfot/Vn5YySYav6V/aDnFz40kJCBTb3xrQk3ZEofHzw3SPgMWGB8ZlIkdTDfGuyJ/vy9ikfzbLy4+3UMlhTOF7rYzLET05KuG2/anfeB91NIkflgu+7D3X5QxVVEgri4D0+Rq7gZSgDtqUDdz/eA/J28HhJuQ2tYLfS9PdCxdqf80Bry1jhmOP1D/Lqk4AwPtA0I+RQwhEEHqHc5Q3GvlooUC7DjDAUIY9f19JbYfdNFYGghaFFbv6gRHybYaY/KvXb0Ef53MzxcivTSt1fWgFyO5aJh4DCwMMzQ==",
            "tags": null,
            "tags_all": {}
          },
          "sensitive_attributes": [],
          "private": "eyJzY2hlbWFfdmVyc2lvbiI6IjEifQ==",
          "dependencies": [
            "tls_private_key.example"
          ]
        }
      ]
    },
    {
      "mode": "managed",
      "type": "aws_lb",
      "name": "rancher-alb",
      "provider": "provider[\"registry.terraform.io/hashicorp/aws\"]",
      "instances": [
        {
          "schema_version": 0,
          "attributes": {
            "access_logs": [
              {
                "bucket": "",
                "enabled": false,
                "prefix": ""
              }
            ],
            "arn": "arn:aws:elasticloadbalancing:us-east-1:952813204183:loadbalancer/app/petclinic-rancher-alb/30ce066c082b7474",
            "arn_suffix": "app/petclinic-rancher-alb/30ce066c082b7474",
            "connection_logs": [
              {
                "bucket": "",
                "enabled": false,
                "prefix": ""
              }
            ],
            "customer_owned_ipv4_pool": "",
            "desync_mitigation_mode": "defensive",
            "dns_name": "petclinic-rancher-alb-758245035.us-east-1.elb.amazonaws.com",
            "dns_record_client_routing_policy": null,
            "drop_invalid_header_fields": false,
            "enable_cross_zone_load_balancing": true,
            "enable_deletion_protection": false,
            "enable_http2": true,
            "enable_tls_version_and_cipher_suite_headers": false,
            "enable_waf_fail_open": false,
            "enable_xff_client_port": false,
            "enforce_security_group_inbound_rules_on_private_link_traffic": "",
            "id": "arn:aws:elasticloadbalancing:us-east-1:952813204183:loadbalancer/app/petclinic-rancher-alb/30ce066c082b7474",
            "idle_timeout": 60,
            "internal": false,
            "ip_address_type": "ipv4",
            "load_balancer_type": "application",
            "name": "petclinic-rancher-alb",
            "name_prefix": "",
            "preserve_host_header": false,
            "security_groups": [
              "sg-0d5008e4f14480450"
            ],
            "subnet_mapping": [
              {
                "allocation_id": "",
                "ipv6_address": "",
                "outpost_id": "",
                "private_ipv4_address": "",
                "subnet_id": "subnet-01db084a37a9cf937"
              },
              {
                "allocation_id": "",
                "ipv6_address": "",
                "outpost_id": "",
                "private_ipv4_address": "",
                "subnet_id": "subnet-0512516c2e17f346d"
              },
              {
                "allocation_id": "",
                "ipv6_address": "",
                "outpost_id": "",
                "private_ipv4_address": "",
                "subnet_id": "subnet-0ccc5b6d1341b392f"
              }
            ],
            "subnets": [
              "subnet-01db084a37a9cf937",
              "subnet-0512516c2e17f346d",
              "subnet-0ccc5b6d1341b392f"
            ],
            "tags": {},
            "tags_all": {},
            "timeouts": null,
            "vpc_id": "vpc-01b5fae3622893df8",
            "xff_header_processing_mode": "append",
            "zone_id": "Z35SXDOTRQ7X7K"
          },
          "sensitive_attributes": [],
          "private": "eyJlMmJmYjczMC1lY2FhLTExZTYtOGY4OC0zNDM2M2JjN2M0YzAiOnsiY3JlYXRlIjo2MDAwMDAwMDAwMDAsImRlbGV0ZSI6NjAwMDAwMDAwMDAwLCJ1cGRhdGUiOjYwMDAwMDAwMDAwMH19",
          "dependencies": [
            "aws_security_group.rancher-alb"
          ]
        }
      ]
    },
    {
      "mode": "managed",
      "type": "aws_route53_record",
      "name": "arecord",
      "provider": "provider[\"registry.terraform.io/hashicorp/aws\"]",
      "instances": [
        {
          "schema_version": 2,
          "attributes": {
            "alias": [
              {
                "evaluate_target_health": true,
                "name": "petclinic-rancher-alb-758245035.us-east-1.elb.amazonaws.com",
                "zone_id": "Z35SXDOTRQ7X7K"
              }
            ],
            "allow_overwrite": null,
            "cidr_routing_policy": [],
            "failover_routing_policy": [],
            "fqdn": "ranchero.merveriskin.com",
            "geolocation_routing_policy": [],
            "geoproximity_routing_policy": [],
            "health_check_id": "",
            "id": "Z09362793KKS4P9X1ZGP5_ranchero.merveriskin.com_A",
            "latency_routing_policy": [],
            "multivalue_answer_routing_policy": false,
            "name": "ranchero.merveriskin.com",
            "records": [],
            "set_identifier": "",
            "ttl": 0,
            "type": "A",
            "weighted_routing_policy": [],
            "zone_id": "Z09362793KKS4P9X1ZGP5"
          },
          "sensitive_attributes": [],
          "private": "eyJzY2hlbWFfdmVyc2lvbiI6IjIifQ==",
          "dependencies": [
            "aws_lb.rancher-alb",
            "aws_security_group.rancher-alb",
            "data.aws_route53_zone.dns"
          ]
        }
      ]
    },
    {
      "mode": "managed",
      "type": "aws_security_group",
      "name": "rancher-alb",
      "provider": "provider[\"registry.terraform.io/hashicorp/aws\"]",
      "instances": [
        {
          "schema_version": 1,
          "attributes": {
            "arn": "arn:aws:ec2:us-east-1:952813204183:security-group/sg-0d5008e4f14480450",
            "description": "Managed by Terraform",
            "egress": [
              {
                "cidr_blocks": [
                  "0.0.0.0/0"
                ],
                "description": "",
                "from_port": 0,
                "ipv6_cidr_blocks": [],
                "prefix_list_ids": [],
                "protocol": "-1",
                "security_groups": [],
                "self": false,
                "to_port": 0
              }
            ],
            "id": "sg-0d5008e4f14480450",
            "ingress": [
              {
                "cidr_blocks": [
                  "0.0.0.0/0"
                ],
                "description": "",
                "from_port": 443,
                "ipv6_cidr_blocks": [],
                "prefix_list_ids": [],
                "protocol": "tcp",
                "security_groups": [],
                "self": false,
                "to_port": 443
              },
              {
                "cidr_blocks": [
                  "0.0.0.0/0"
                ],
                "description": "",
                "from_port": 80,
                "ipv6_cidr_blocks": [],
                "prefix_list_ids": [],
                "protocol": "tcp",
                "security_groups": [],
                "self": false,
                "to_port": 80
              }
            ],
            "name": "petclinicdt-rancher-alb-sec-gr",
            "name_prefix": "",
            "owner_id": "952813204183",
            "revoke_rules_on_delete": false,
            "tags": {
              "Name": "petclinicdt-rancher-alb-sec-gr",
              "kubernetes.io/cluster/petclinic-Rancher": "owned"
            },
            "tags_all": {
              "Name": "petclinicdt-rancher-alb-sec-gr",
              "kubernetes.io/cluster/petclinic-Rancher": "owned"
            },
            "timeouts": null,
            "vpc_id": "vpc-01b5fae3622893df8"
          },
          "sensitive_attributes": [],
          "private": "eyJlMmJmYjczMC1lY2FhLTExZTYtOGY4OC0zNDM2M2JjN2M0YzAiOnsiY3JlYXRlIjo2MDAwMDAwMDAwMDAsImRlbGV0ZSI6OTAwMDAwMDAwMDAwfSwic2NoZW1hX3ZlcnNpb24iOiIxIn0="
        }
      ]
    },
    {
      "mode": "managed",
      "type": "aws_security_group",
      "name": "tf-rancher-sec-gr",
      "provider": "provider[\"registry.terraform.io/hashicorp/aws\"]",
      "instances": [
        {
          "schema_version": 1,
          "attributes": {
            "arn": "arn:aws:ec2:us-east-1:952813204183:security-group/sg-0c244451e3cc9a300",
            "description": "Managed by Terraform",
            "egress": [
              {
                "cidr_blocks": [
                  "0.0.0.0/0"
                ],
                "description": "",
                "from_port": 0,
                "ipv6_cidr_blocks": [],
                "prefix_list_ids": [],
                "protocol": "-1",
                "security_groups": [],
                "self": false,
                "to_port": 0
              },
              {
                "cidr_blocks": [
                  "0.0.0.0/0"
                ],
                "description": "",
                "from_port": 22,
                "ipv6_cidr_blocks": [],
                "prefix_list_ids": [],
                "protocol": "tcp",
                "security_groups": [],
                "self": false,
                "to_port": 22
              },
              {
                "cidr_blocks": [
                  "0.0.0.0/0"
                ],
                "description": "",
                "from_port": 2376,
                "ipv6_cidr_blocks": [],
                "prefix_list_ids": [],
                "protocol": "tcp",
                "security_groups": [],
                "self": false,
                "to_port": 2376
              },
              {
                "cidr_blocks": [
                  "0.0.0.0/0"
                ],
                "description": "",
                "from_port": 80,
                "ipv6_cidr_blocks": [],
                "prefix_list_ids": [],
                "protocol": "tcp",
                "security_groups": [],
                "self": false,
                "to_port": 80
              },
              {
                "cidr_blocks": [
                  "35.167.242.46/32",
                  "52.33.59.17/32",
                  "35.160.43.145/32"
                ],
                "description": "",
                "from_port": 443,
                "ipv6_cidr_blocks": [],
                "prefix_list_ids": [],
                "protocol": "tcp",
                "security_groups": [],
                "self": false,
                "to_port": 443
              },
              {
                "cidr_blocks": [],
                "description": "",
                "from_port": 0,
                "ipv6_cidr_blocks": [],
                "prefix_list_ids": [],
                "protocol": "-1",
                "security_groups": [],
                "self": true,
                "to_port": 0
              }
            ],
            "id": "sg-0c244451e3cc9a300",
            "ingress": [
              {
                "cidr_blocks": [
                  "0.0.0.0/0"
                ],
                "description": "",
                "from_port": 22,
                "ipv6_cidr_blocks": [],
                "prefix_list_ids": [],
                "protocol": "tcp",
                "security_groups": [],
                "self": false,
                "to_port": 22
              },
              {
                "cidr_blocks": [
                  "0.0.0.0/0"
                ],
                "description": "",
                "from_port": 443,
                "ipv6_cidr_blocks": [],
                "prefix_list_ids": [],
                "protocol": "tcp",
                "security_groups": [],
                "self": false,
                "to_port": 443
              },
              {
                "cidr_blocks": [
                  "0.0.0.0/0"
                ],
                "description": "",
                "from_port": 6443,
                "ipv6_cidr_blocks": [],
                "prefix_list_ids": [],
                "protocol": "tcp",
                "security_groups": [],
                "self": false,
                "to_port": 6443
              },
              {
                "cidr_blocks": [],
                "description": "",
                "from_port": 0,
                "ipv6_cidr_blocks": [],
                "prefix_list_ids": [],
                "protocol": "-1",
                "security_groups": [],
                "self": true,
                "to_port": 0
              },
              {
                "cidr_blocks": [],
                "description": "",
                "from_port": 80,
                "ipv6_cidr_blocks": [],
                "prefix_list_ids": [],
                "protocol": "tcp",
                "security_groups": [
                  "sg-0d5008e4f14480450"
                ],
                "self": false,
                "to_port": 80
              }
            ],
            "name": "rancher-server-sec-gr",
            "name_prefix": "",
            "owner_id": "952813204183",
            "revoke_rules_on_delete": false,
            "tags": {
              "Name": "rancher-server-sec-gr",
              "kubernetes.io/cluster/petclinic-Rancher": "owned"
            },
            "tags_all": {
              "Name": "rancher-server-sec-gr",
              "kubernetes.io/cluster/petclinic-Rancher": "owned"
            },
            "timeouts": null,
            "vpc_id": "vpc-01b5fae3622893df8"
          },
          "sensitive_attributes": [],
          "private": "eyJlMmJmYjczMC1lY2FhLTExZTYtOGY4OC0zNDM2M2JjN2M0YzAiOnsiY3JlYXRlIjo2MDAwMDAwMDAwMDAsImRlbGV0ZSI6OTAwMDAwMDAwMDAwfSwic2NoZW1hX3ZlcnNpb24iOiIxIn0=",
          "dependencies": [
            "aws_security_group.rancher-alb"
          ]
        }
      ]
    },
    {
      "mode": "managed",
      "type": "null_resource",
      "name": "privatekey",
      "provider": "provider[\"registry.terraform.io/hashicorp/null\"]",
      "instances": [
        {
          "schema_version": 0,
          "attributes": {
            "id": "8376914487561493341",
            "triggers": null
          },
          "sensitive_attributes": [],
          "dependencies": [
            "tls_private_key.example"
          ]
        }
      ]
    },
    {
      "mode": "managed",
      "type": "tls_private_key",
      "name": "example",
      "provider": "provider[\"registry.terraform.io/hashicorp/tls\"]",
      "instances": [
        {
          "schema_version": 1,
          "attributes": {
            "algorithm": "RSA",
            "ecdsa_curve": "P224",
            "id": "09b9019cb4e9564b38e77f16a960fcf2fa74ff1b",
            "private_key_openssh": "-----BEGIN OPENSSH PRIVATE KEY-----\nb3BlbnNzaC1rZXktdjEAAAAABG5vbmUAAAAEbm9uZQAAAAAAAAABAAACFwAAAAdz\nc2gtcnNhAAAAAwEAAQAAAgEAsAmKvVPMOJkDQ8j51k9HPIlK8mj9w4JgQMUNZrvn\nfQ11J8y866TJdIn5t8W7b6oV9jDvvaReajzCB15Xer/REvMiBkxmag638LtYRbQO\nwFJTN/CQVMAabc4jf4KVuobustRahzFhUOeXNvGhmxULqF2/M5dSCfRNLmo6lBZi\n3461AHD/X46xUO+mNN1q+hLwO3gfh1AP8vIMouE7Bfstfm7Zk/x2D4L90NkGvZdb\nuu763x5qDSEVlHgLoUf9fdHkvJpr4KHGahwq1pjOdJ2CUCNOn7p/1zhiskyxZWow\nPsO5RSABkdoZpvDlzZayuiug+7gmuD9jMdeE3uAfJqYxN4C/9IrmU0PeTpX8dIzA\nKigVAUkPDUsQPzVejaLdYX9cIraRR1jEn6Lf1Z+WMkmGr+lf2g5xc+NJCQgU298a\n0JN2RKHx88N0j4DFhgfGZSJHUw3xrsif78vYpH82y8uPt1DJYUzhe62MyxE9OSrh\ntv2p33gfdTSJH5YLvuw91+UMVVRIK4uA9Pkau4GUoA7alA3c/3gPydvB4SbkNrWC\n30vT3QsXan/NAa8tY4Zjj9Q/y6pOAMD7QNCPkUMIRBB6h3OUNxr5aKFAuw4wwFCG\nPX9fSW2H3TRWBoIWhRW7+oER8m2GmPyr129BH+dzM8XIr00rdX1oBcjuWiYeAwsD\nDM0AAAc4/1E9Df9RPQ0AAAAHc3NoLXJzYQAAAgEAsAmKvVPMOJkDQ8j51k9HPIlK\n8mj9w4JgQMUNZrvnfQ11J8y866TJdIn5t8W7b6oV9jDvvaReajzCB15Xer/REvMi\nBkxmag638LtYRbQOwFJTN/CQVMAabc4jf4KVuobustRahzFhUOeXNvGhmxULqF2/\nM5dSCfRNLmo6lBZi3461AHD/X46xUO+mNN1q+hLwO3gfh1AP8vIMouE7Bfstfm7Z\nk/x2D4L90NkGvZdbuu763x5qDSEVlHgLoUf9fdHkvJpr4KHGahwq1pjOdJ2CUCNO\nn7p/1zhiskyxZWowPsO5RSABkdoZpvDlzZayuiug+7gmuD9jMdeE3uAfJqYxN4C/\n9IrmU0PeTpX8dIzAKigVAUkPDUsQPzVejaLdYX9cIraRR1jEn6Lf1Z+WMkmGr+lf\n2g5xc+NJCQgU298a0JN2RKHx88N0j4DFhgfGZSJHUw3xrsif78vYpH82y8uPt1DJ\nYUzhe62MyxE9OSrhtv2p33gfdTSJH5YLvuw91+UMVVRIK4uA9Pkau4GUoA7alA3c\n/3gPydvB4SbkNrWC30vT3QsXan/NAa8tY4Zjj9Q/y6pOAMD7QNCPkUMIRBB6h3OU\nNxr5aKFAuw4wwFCGPX9fSW2H3TRWBoIWhRW7+oER8m2GmPyr129BH+dzM8XIr00r\ndX1oBcjuWiYeAwsDDM0AAAADAQABAAACADWEcR1l4GxEeG2fJ/UzXODWjGZt7NgH\nRuPqBEz7S0EFWlyjLbwl+OjpGXX5MyabetnBvuDUm6+IkSRUVhwHPLSaHfn0OB5+\nIwWYrxlhyCpH3OzgwcBCNsazKK+XL5Xpd5/+VxdKt980yQ/3Hb5cA5NIDNzOYC6O\nivhVa0GiHKUCaZycvcZ7RwToFotz1RX5s/cgadVlTbP6SkUqXBtRZV9Oq+8FjY7h\nr/BSSm5RGZ4XEUXLpUogiML+S+rYTAR4TyXXfHxqMjwIHC3pfrqNOBTM5xZASKVR\niw/RqQy/37L1JdoSBOgmei36hqKd8fAPW32rWnohKzL35nkrgczqMYPBGEtvE/4n\nBHWYdmc5ZkwPBXdsOabPbJ3hjotSuxOi0L+zyPHwRy9jSrvcMtdpXjDgI0K4kZPx\ns7bq6s9rIGMjyYW/CXGXlECk0+A8kYR2NHcuqioZPV3fPyfnaMFWQ7LTmVgGQjjK\neggl3A5MunO7oP3vAdbmOOO6NiLV4hKkV6s5I2ce7stxv0WBnEDcmaLma1g68xp8\ne1+6md/QWz3ZEsfxHTT0AaMIx1hFNxtqyZB4tVwmcv4SXH5uore1kq0JCk4pFf+M\nvcx6n4pdg1Y3SbMzHP1pieoEtOh2tYXx3iPbsEa1im5Zd1tKoAKNv9pBTSkpKcO2\nYT9Idq0PBtoBAAABAHS2GYeEaHzdxLPIqnW9hPM0qlH5SBeYryT61MLJJkeC2uch\nRqzk1edBpA2CxpYHYqRrma1CHFsWFeW1cr3ILYk2bBsNaefM1Zc9ETndxD0o81tu\n2tT1NGvCXSob5puOToLjzyi9tj65L7u1FFTBqnNLgQRg0P7Aqg7iFNszh9jHNuAl\nP2I7KGQbJ1+GVm5sU6AZLmJXjiyhxQ7Q1ALHOop8PEuyhBJ768psNX9Ggpe6pDYv\n3Gj1oZpR5FhCiOqNfuBGuKdeX6ik1lULUMNSiGcqPwtcdLcFl0EEGgnXneLfkC93\nrvCcZNiqVbZFagOenHqCYR55O/zFueX61l1JEJgAAAEBANWQJ1of9yjOokj6P41h\nlfXAwAffxn7b/FzFLRqpJtREA+lh64ReGDs1lt5PpcYl4j5PpyzaiItN0MHpN35b\nki1aJl14lUoawImJN3E0qSLe7EGPzJU6iUgX0tc7+27YsHvkUtnVv2qWukuXdATE\nIRmVf2ZvPkoVRoQ5ZJWkvULJen9TyzvuzrqH3EP+hxlXogBSjLNRhfQ7QvJ4qJZ/\nLoFOd8Cm2WPfYIMK/O/KQc9xGsjMbVLgKSJJG73zFvJXpDw4jfCx07nBgAXfdIjf\nTws7hu/PRW/B0H1fWrt0RTBP3UpiV3BQP9xmu+z4Nyo+eWW9OTyVPvFnQgLC8lsN\nOO0AAAEBANMEd+8MMLB8NkkNG1qTmaCnvakx6PzHso0yXp0xoQYB78SX+jbcBdth\nRlLlKOgKe1q7DSjEp5ABsArw3gTAf9/OLumQ848EFAb0sxyV73/VMAWrupUoJg6c\nL15FOYeQuSGF4I753K7a5SOLTKsQyDtJwUHzkbsEcwKVsWbTym0WtjpgC8l0uIIs\nz4CVS3g6o4UpBSoNSvNs+BHcpStCNdl4EjzA+VK71wDuh4aFJlE4Nwt4+1qWLXR5\nVIkGf5p7daUlmmwqlidqWTI0WQa+Xwbs/eTEJmikM10T6z6AST0s6UYJjRN2HQxu\ntShVgSIqJxZcrYzMpkFjw6x0BhP6B2EAAAAAAQID\n-----END OPENSSH PRIVATE KEY-----\n",
            "private_key_pem": "-----BEGIN RSA PRIVATE KEY-----\nMIIJKAIBAAKCAgEAsAmKvVPMOJkDQ8j51k9HPIlK8mj9w4JgQMUNZrvnfQ11J8y8\n66TJdIn5t8W7b6oV9jDvvaReajzCB15Xer/REvMiBkxmag638LtYRbQOwFJTN/CQ\nVMAabc4jf4KVuobustRahzFhUOeXNvGhmxULqF2/M5dSCfRNLmo6lBZi3461AHD/\nX46xUO+mNN1q+hLwO3gfh1AP8vIMouE7Bfstfm7Zk/x2D4L90NkGvZdbuu763x5q\nDSEVlHgLoUf9fdHkvJpr4KHGahwq1pjOdJ2CUCNOn7p/1zhiskyxZWowPsO5RSAB\nkdoZpvDlzZayuiug+7gmuD9jMdeE3uAfJqYxN4C/9IrmU0PeTpX8dIzAKigVAUkP\nDUsQPzVejaLdYX9cIraRR1jEn6Lf1Z+WMkmGr+lf2g5xc+NJCQgU298a0JN2RKHx\n88N0j4DFhgfGZSJHUw3xrsif78vYpH82y8uPt1DJYUzhe62MyxE9OSrhtv2p33gf\ndTSJH5YLvuw91+UMVVRIK4uA9Pkau4GUoA7alA3c/3gPydvB4SbkNrWC30vT3QsX\nan/NAa8tY4Zjj9Q/y6pOAMD7QNCPkUMIRBB6h3OUNxr5aKFAuw4wwFCGPX9fSW2H\n3TRWBoIWhRW7+oER8m2GmPyr129BH+dzM8XIr00rdX1oBcjuWiYeAwsDDM0CAwEA\nAQKCAgA1hHEdZeBsRHhtnyf1M1zg1oxmbezYB0bj6gRM+0tBBVpcoy28Jfjo6Rl1\n+TMmm3rZwb7g1JuviJEkVFYcBzy0mh359DgefiMFmK8ZYcgqR9zs4MHAQjbGsyiv\nly+V6Xef/lcXSrffNMkP9x2+XAOTSAzczmAujor4VWtBohylAmmcnL3Ge0cE6BaL\nc9UV+bP3IGnVZU2z+kpFKlwbUWVfTqvvBY2O4a/wUkpuURmeFxFFy6VKIIjC/kvq\n2EwEeE8l13x8ajI8CBwt6X66jTgUzOcWQEilUYsP0akMv9+y9SXaEgToJnot+oai\nnfHwD1t9q1p6ISsy9+Z5K4HM6jGDwRhLbxP+JwR1mHZnOWZMDwV3bDmmz2yd4Y6L\nUrsTotC/s8jx8EcvY0q73DLXaV4w4CNCuJGT8bO26urPayBjI8mFvwlxl5RApNPg\nPJGEdjR3LqoqGT1d3z8n52jBVkOy05lYBkI4ynoIJdwOTLpzu6D97wHW5jjjujYi\n1eISpFerOSNnHu7Lcb9FgZxA3Jmi5mtYOvMafHtfupnf0Fs92RLH8R009AGjCMdY\nRTcbasmQeLVcJnL+Elx+bqK3tZKtCQpOKRX/jL3Mep+KXYNWN0mzMxz9aYnqBLTo\ndrWF8d4j27BGtYpuWXdbSqACjb/aQU0pKSnDtmE/SHatDwbaAQKCAQEA1ZAnWh/3\nKM6iSPo/jWGV9cDAB9/Gftv8XMUtGqkm1EQD6WHrhF4YOzWW3k+lxiXiPk+nLNqI\ni03Qwek3fluSLVomXXiVShrAiYk3cTSpIt7sQY/MlTqJSBfS1zv7btiwe+RS2dW/\napa6S5d0BMQhGZV/Zm8+ShVGhDlklaS9Qsl6f1PLO+7OuofcQ/6HGVeiAFKMs1GF\n9DtC8nioln8ugU53wKbZY99ggwr878pBz3EayMxtUuApIkkbvfMW8lekPDiN8LHT\nucGABd90iN9PCzuG789Fb8HQfV9au3RFME/dSmJXcFA/3Ga77Pg3Kj55Zb05PJU+\n8WdCAsLyWw047QKCAQEA0wR37wwwsHw2SQ0bWpOZoKe9qTHo/MeyjTJenTGhBgHv\nxJf6NtwF22FGUuUo6Ap7WrsNKMSnkAGwCvDeBMB/384u6ZDzjwQUBvSzHJXvf9Uw\nBau6lSgmDpwvXkU5h5C5IYXgjvncrtrlI4tMqxDIO0nBQfORuwRzApWxZtPKbRa2\nOmALyXS4gizPgJVLeDqjhSkFKg1K82z4EdylK0I12XgSPMD5UrvXAO6HhoUmUTg3\nC3j7WpYtdHlUiQZ/mnt1pSWabCqWJ2pZMjRZBr5fBuz95MQmaKQzXRPrPoBJPSzp\nRgmNE3YdDG61KFWBIionFlytjMymQWPDrHQGE/oHYQKCAQA8X48wZD7780ZfeRdE\nQaUiH0ZqM3Gq5Ue3diplEhKfCUdNz9fDyNHy0xh+amfD12vZD62D+ZeGQg5U8zgz\n6XEujwCvheo2U8/AUeExiKCT8g86DYvZV/39OnbpT9Sppmpl68scN9fwKwIpYnxy\n6Hsu/1tPuv0R9mfD83Gi+Dpkyg5uNmMK41zf0I6NTkQk/ugWTT/nZZGH1MT9ROzr\n9rJP7b3e4YwtNrXS9eVBaJ0oJqJax6fUOPiH78D+9tyyz+HnAFnoBG2FYtVtU5lf\nJDn1Q/PGkYLgsBrfhnhg6+KvYLR/VcPARX94MDbKK/V0ZMru3wpyPQLZPcakfzYC\nVX+VAoIBAQCzf6WVzsTMG50B3whZsByKsKWA+1e5TxXvTd110fWrapJOpQjPCbJh\nvwlXEmANonzz3RGAkGgI86aQZ/w0BpvAAV+ehxLnoQx4Lkb+Ffy4vNwwtrfskU5u\nNyWEB1a8nrscbQlsFddHViR8a8435fqtlDu0okBg2ZQLqtJRKe+ThDJWzcS5BXS+\nJugL9PNRvm/CofYmo1ASaatLZmmJtrSf3KeGzpBHdEmcHUtjfnfttuf79lm54O2h\nmmPye3ioLEUSyj3lrQQ1Wx2suyLPvbiP56DBrKkPcj3O+1asv+uNAlscnJtI5rwn\nCzVGrhU+vqSpPQTUNHFoRjj4xWk2LQWBAoIBAHS2GYeEaHzdxLPIqnW9hPM0qlH5\nSBeYryT61MLJJkeC2uchRqzk1edBpA2CxpYHYqRrma1CHFsWFeW1cr3ILYk2bBsN\naefM1Zc9ETndxD0o81tu2tT1NGvCXSob5puOToLjzyi9tj65L7u1FFTBqnNLgQRg\n0P7Aqg7iFNszh9jHNuAlP2I7KGQbJ1+GVm5sU6AZLmJXjiyhxQ7Q1ALHOop8PEuy\nhBJ768psNX9Ggpe6pDYv3Gj1oZpR5FhCiOqNfuBGuKdeX6ik1lULUMNSiGcqPwtc\ndLcFl0EEGgnXneLfkC93rvCcZNiqVbZFagOenHqCYR55O/zFueX61l1JEJg=\n-----END RSA PRIVATE KEY-----\n",
            "private_key_pem_pkcs8": "-----BEGIN PRIVATE KEY-----\nMIIJQgIBADANBgkqhkiG9w0BAQEFAASCCSwwggkoAgEAAoICAQCwCYq9U8w4mQND\nyPnWT0c8iUryaP3DgmBAxQ1mu+d9DXUnzLzrpMl0ifm3xbtvqhX2MO+9pF5qPMIH\nXld6v9ES8yIGTGZqDrfwu1hFtA7AUlM38JBUwBptziN/gpW6hu6y1FqHMWFQ55c2\n8aGbFQuoXb8zl1IJ9E0uajqUFmLfjrUAcP9fjrFQ76Y03Wr6EvA7eB+HUA/y8gyi\n4TsF+y1+btmT/HYPgv3Q2Qa9l1u67vrfHmoNIRWUeAuhR/190eS8mmvgocZqHCrW\nmM50nYJQI06fun/XOGKyTLFlajA+w7lFIAGR2hmm8OXNlrK6K6D7uCa4P2Mx14Te\n4B8mpjE3gL/0iuZTQ95Olfx0jMAqKBUBSQ8NSxA/NV6Not1hf1witpFHWMSfot/V\nn5YySYav6V/aDnFz40kJCBTb3xrQk3ZEofHzw3SPgMWGB8ZlIkdTDfGuyJ/vy9ik\nfzbLy4+3UMlhTOF7rYzLET05KuG2/anfeB91NIkflgu+7D3X5QxVVEgri4D0+Rq7\ngZSgDtqUDdz/eA/J28HhJuQ2tYLfS9PdCxdqf80Bry1jhmOP1D/Lqk4AwPtA0I+R\nQwhEEHqHc5Q3GvlooUC7DjDAUIY9f19JbYfdNFYGghaFFbv6gRHybYaY/KvXb0Ef\n53MzxcivTSt1fWgFyO5aJh4DCwMMzQIDAQABAoICADWEcR1l4GxEeG2fJ/UzXODW\njGZt7NgHRuPqBEz7S0EFWlyjLbwl+OjpGXX5MyabetnBvuDUm6+IkSRUVhwHPLSa\nHfn0OB5+IwWYrxlhyCpH3OzgwcBCNsazKK+XL5Xpd5/+VxdKt980yQ/3Hb5cA5NI\nDNzOYC6OivhVa0GiHKUCaZycvcZ7RwToFotz1RX5s/cgadVlTbP6SkUqXBtRZV9O\nq+8FjY7hr/BSSm5RGZ4XEUXLpUogiML+S+rYTAR4TyXXfHxqMjwIHC3pfrqNOBTM\n5xZASKVRiw/RqQy/37L1JdoSBOgmei36hqKd8fAPW32rWnohKzL35nkrgczqMYPB\nGEtvE/4nBHWYdmc5ZkwPBXdsOabPbJ3hjotSuxOi0L+zyPHwRy9jSrvcMtdpXjDg\nI0K4kZPxs7bq6s9rIGMjyYW/CXGXlECk0+A8kYR2NHcuqioZPV3fPyfnaMFWQ7LT\nmVgGQjjKeggl3A5MunO7oP3vAdbmOOO6NiLV4hKkV6s5I2ce7stxv0WBnEDcmaLm\na1g68xp8e1+6md/QWz3ZEsfxHTT0AaMIx1hFNxtqyZB4tVwmcv4SXH5uore1kq0J\nCk4pFf+Mvcx6n4pdg1Y3SbMzHP1pieoEtOh2tYXx3iPbsEa1im5Zd1tKoAKNv9pB\nTSkpKcO2YT9Idq0PBtoBAoIBAQDVkCdaH/cozqJI+j+NYZX1wMAH38Z+2/xcxS0a\nqSbURAPpYeuEXhg7NZbeT6XGJeI+T6cs2oiLTdDB6Td+W5ItWiZdeJVKGsCJiTdx\nNKki3uxBj8yVOolIF9LXO/tu2LB75FLZ1b9qlrpLl3QExCEZlX9mbz5KFUaEOWSV\npL1CyXp/U8s77s66h9xD/ocZV6IAUoyzUYX0O0LyeKiWfy6BTnfAptlj32CDCvzv\nykHPcRrIzG1S4CkiSRu98xbyV6Q8OI3wsdO5wYAF33SI308LO4bvz0VvwdB9X1q7\ndEUwT91KYldwUD/cZrvs+DcqPnllvTk8lT7xZ0ICwvJbDTjtAoIBAQDTBHfvDDCw\nfDZJDRtak5mgp72pMej8x7KNMl6dMaEGAe/El/o23AXbYUZS5SjoCntauw0oxKeQ\nAbAK8N4EwH/fzi7pkPOPBBQG9LMcle9/1TAFq7qVKCYOnC9eRTmHkLkhheCO+dyu\n2uUji0yrEMg7ScFB85G7BHMClbFm08ptFrY6YAvJdLiCLM+AlUt4OqOFKQUqDUrz\nbPgR3KUrQjXZeBI8wPlSu9cA7oeGhSZRODcLePtali10eVSJBn+ae3WlJZpsKpYn\nalkyNFkGvl8G7P3kxCZopDNdE+s+gEk9LOlGCY0Tdh0MbrUoVYEiKicWXK2MzKZB\nY8OsdAYT+gdhAoIBADxfjzBkPvvzRl95F0RBpSIfRmozcarlR7d2KmUSEp8JR03P\n18PI0fLTGH5qZ8PXa9kPrYP5l4ZCDlTzODPpcS6PAK+F6jZTz8BR4TGIoJPyDzoN\ni9lX/f06dulP1KmmamXryxw31/ArAilifHLoey7/W0+6/RH2Z8PzcaL4OmTKDm42\nYwrjXN/Qjo1ORCT+6BZNP+dlkYfUxP1E7Ov2sk/tvd7hjC02tdL15UFonSgmolrH\np9Q4+IfvwP723LLP4ecAWegEbYVi1W1TmV8kOfVD88aRguCwGt+GeGDr4q9gtH9V\nw8BFf3gwNsor9XRkyu7fCnI9Atk9xqR/NgJVf5UCggEBALN/pZXOxMwbnQHfCFmw\nHIqwpYD7V7lPFe9N3XXR9atqkk6lCM8JsmG/CVcSYA2ifPPdEYCQaAjzppBn/DQG\nm8ABX56HEuehDHguRv4V/Li83DC2t+yRTm43JYQHVryeuxxtCWwV10dWJHxrzjfl\n+q2UO7SiQGDZlAuq0lEp75OEMlbNxLkFdL4m6Av081G+b8Kh9iajUBJpq0tmaYm2\ntJ/cp4bOkEd0SZwdS2N+d+225/v2Wbng7aGaY/J7eKgsRRLKPeWtBDVbHay7Is+9\nuI/noMGsqQ9yPc77Vqy/640CWxycm0jmvCcLNUauFT6+pKk9BNQ0cWhGOPjFaTYt\nBYECggEAdLYZh4RofN3Es8iqdb2E8zSqUflIF5ivJPrUwskmR4La5yFGrOTV50Gk\nDYLGlgdipGuZrUIcWxYV5bVyvcgtiTZsGw1p58zVlz0ROd3EPSjzW27a1PU0a8Jd\nKhvmm45OguPPKL22Prkvu7UUVMGqc0uBBGDQ/sCqDuIU2zOH2Mc24CU/YjsoZBsn\nX4ZWbmxToBkuYleOLKHFDtDUAsc6inw8S7KEEnvrymw1f0aCl7qkNi/caPWhmlHk\nWEKI6o1+4Ea4p15fqKTWVQtQw1KIZyo/C1x0twWXQQQaCded4t+QL3eu8Jxk2KpV\ntkVqA56ceoJhHnk7/MW55frWXUkQmA==\n-----END PRIVATE KEY-----\n",
            "public_key_fingerprint_md5": "d0:ed:8b:32:e3:83:18:d4:f1:17:71:b9:e9:12:0e:b2",
            "public_key_fingerprint_sha256": "SHA256:LOlgzGnR9D6BFQ9GCHT2+LgBcvM5+Vas9IlbBN7R3Rk",
            "public_key_openssh": "ssh-rsa AAAAB3NzaC1yc2EAAAADAQABAAACAQCwCYq9U8w4mQNDyPnWT0c8iUryaP3DgmBAxQ1mu+d9DXUnzLzrpMl0ifm3xbtvqhX2MO+9pF5qPMIHXld6v9ES8yIGTGZqDrfwu1hFtA7AUlM38JBUwBptziN/gpW6hu6y1FqHMWFQ55c28aGbFQuoXb8zl1IJ9E0uajqUFmLfjrUAcP9fjrFQ76Y03Wr6EvA7eB+HUA/y8gyi4TsF+y1+btmT/HYPgv3Q2Qa9l1u67vrfHmoNIRWUeAuhR/190eS8mmvgocZqHCrWmM50nYJQI06fun/XOGKyTLFlajA+w7lFIAGR2hmm8OXNlrK6K6D7uCa4P2Mx14Te4B8mpjE3gL/0iuZTQ95Olfx0jMAqKBUBSQ8NSxA/NV6Not1hf1witpFHWMSfot/Vn5YySYav6V/aDnFz40kJCBTb3xrQk3ZEofHzw3SPgMWGB8ZlIkdTDfGuyJ/vy9ikfzbLy4+3UMlhTOF7rYzLET05KuG2/anfeB91NIkflgu+7D3X5QxVVEgri4D0+Rq7gZSgDtqUDdz/eA/J28HhJuQ2tYLfS9PdCxdqf80Bry1jhmOP1D/Lqk4AwPtA0I+RQwhEEHqHc5Q3GvlooUC7DjDAUIY9f19JbYfdNFYGghaFFbv6gRHybYaY/KvXb0Ef53MzxcivTSt1fWgFyO5aJh4DCwMMzQ==\n",
            "public_key_pem": "-----BEGIN PUBLIC KEY-----\nMIICIjANBgkqhkiG9w0BAQEFAAOCAg8AMIICCgKCAgEAsAmKvVPMOJkDQ8j51k9H\nPIlK8mj9w4JgQMUNZrvnfQ11J8y866TJdIn5t8W7b6oV9jDvvaReajzCB15Xer/R\nEvMiBkxmag638LtYRbQOwFJTN/CQVMAabc4jf4KVuobustRahzFhUOeXNvGhmxUL\nqF2/M5dSCfRNLmo6lBZi3461AHD/X46xUO+mNN1q+hLwO3gfh1AP8vIMouE7Bfst\nfm7Zk/x2D4L90NkGvZdbuu763x5qDSEVlHgLoUf9fdHkvJpr4KHGahwq1pjOdJ2C\nUCNOn7p/1zhiskyxZWowPsO5RSABkdoZpvDlzZayuiug+7gmuD9jMdeE3uAfJqYx\nN4C/9IrmU0PeTpX8dIzAKigVAUkPDUsQPzVejaLdYX9cIraRR1jEn6Lf1Z+WMkmG\nr+lf2g5xc+NJCQgU298a0JN2RKHx88N0j4DFhgfGZSJHUw3xrsif78vYpH82y8uP\nt1DJYUzhe62MyxE9OSrhtv2p33gfdTSJH5YLvuw91+UMVVRIK4uA9Pkau4GUoA7a\nlA3c/3gPydvB4SbkNrWC30vT3QsXan/NAa8tY4Zjj9Q/y6pOAMD7QNCPkUMIRBB6\nh3OUNxr5aKFAuw4wwFCGPX9fSW2H3TRWBoIWhRW7+oER8m2GmPyr129BH+dzM8XI\nr00rdX1oBcjuWiYeAwsDDM0CAwEAAQ==\n-----END PUBLIC KEY-----\n",
            "rsa_bits": 4096
          },
          "sensitive_attributes": []
        }
      ]
    }
  ],
  "check_results": null
}
